
Microsoft Visual Studio Solution File, Format Version 12.00
# Visual Studio Version 16
VisualStudioVersion = 16.0.32630.194
MinimumVisualStudioVersion = 10.0.40219.1
Project("{FAE04EC0-301F-11D3-BF4B-00C04F79EFBC}") = "RealTimeChat", "RealTimeChat\RealTimeChat.csproj", "{FE57FCC8-02C2-4457-9E75-CA3110E73230}"
EndProject
Global
	GlobalSection(SolutionConfigurationPlatforms) = preSolution
		Debug|Any CPU = Debug|Any CPU
		Release|Any CPU = Release|Any CPU
	EndGlobalSection
	GlobalSection(ProjectConfigurationPlatforms) = postSolution
		{FE57FCC8-02C2-4457-9E75-CA3110E73230}.Debug|Any CPU.ActiveCfg = Debug|Any CPU
		{FE57FCC8-02C2-4457-9E75-CA3110E73230}.Debug|Any CPU.Build.0 = Debug|Any CPU
		{FE57FCC8-02C2-4457-9E75-CA3110E73230}.Release|Any CPU.ActiveCfg = Release|Any CPU
		{FE57FCC8-02C2-4457-9E75-CA3110E73230}.Release|Any CPU.Build.0 = Release|Any CPU
	EndGlobalSection
	GlobalSection(SolutionProperties) = preSolution
		HideSolutionNode = FALSE
	EndGlobalSection
	GlobalSection(ExtensibilityGlobals) = postSolution
		SolutionGuid = {1E815BAE-3485-4932-9DC4-3ECB45D3B013}
	EndGlobalSection
EndGlobal
